// !$*UTF8*$!
{
	archiveVersion = 1;
	classes = {
	};
	objectVersion = 56;
	objects = {

/* Begin PBXBuildFile section */
		E23E4BBD29DEA5EC00326B66 /* PortuguesePublicationsApp.swift in Sources */ = {isa = PBXBuildFile; fileRef = E23E4BBC29DEA5EC00326B66 /* PortuguesePublicationsApp.swift */; };
		E23E4BBF29DEA5EC00326B66 /* ContentView.swift in Sources */ = {isa = PBXBuildFile; fileRef = E23E4BBE29DEA5EC00326B66 /* ContentView.swift */; };
		E23E4BC129DEA5F000326B66 /* Assets.xcassets in Resources */ = {isa = PBXBuildFile; fileRef = E23E4BC029DEA5F000326B66 /* Assets.xcassets */; };
		E23E4BC429DEA5F000326B66 /* Preview Assets.xcassets in Resources */ = {isa = PBXBuildFile; fileRef = E23E4BC329DEA5F000326B66 /* Preview Assets.xcassets */; };
		E23E4BC629DEA5F000326B66 /* Persistence.swift in Sources */ = {isa = PBXBuildFile; fileRef = E23E4BC529DEA5F000326B66 /* Persistence.swift */; };
		E23E4BC929DEA5F000326B66 /* PortuguesePublications.xcdatamodeld in Sources */ = {isa = PBXBuildFile; fileRef = E23E4BC729DEA5F000326B66 /* PortuguesePublications.xcdatamodeld */; };
		E23E4BD029DEADA700326B66 /* WebView.swift in Sources */ = {isa = PBXBuildFile; fileRef = E23E4BCF29DEADA700326B66 /* WebView.swift */; };
		E23E4BD229DEDE1E00326B66 /* Publications.swift in Sources */ = {isa = PBXBuildFile; fileRef = E23E4BD129DEDE1E00326B66 /* Publications.swift */; };
		E23E4BD429DEE9E200326B66 /* SoundManager.swift in Sources */ = {isa = PBXBuildFile; fileRef = E23E4BD329DEE9E200326B66 /* SoundManager.swift */; };
		E23E4BD629DEEAE700326B66 /* RadioStations.swift in Sources */ = {isa = PBXBuildFile; fileRef = E23E4BD529DEEAE700326B66 /* RadioStations.swift */; };
		E23E4BD829DEEB3500326B66 /* PublicationView.swift in Sources */ = {isa = PBXBuildFile; fileRef = E23E4BD729DEEB3500326B66 /* PublicationView.swift */; };
		E23E4BDA29DEEB5800326B66 /* RadioStationView.swift in Sources */ = {isa = PBXBuildFile; fileRef = E23E4BD929DEEB5800326B66 /* RadioStationView.swift */; };
/* End PBXBuildFile section */

/* Begin PBXFileReference section */
		E23E4BB929DEA5EC00326B66 /* PortuguesePublications.app */ = {isa = PBXFileReference; explicitFileType = wrapper.application; includeInIndex = 0; path = PortuguesePublications.app; sourceTree = BUILT_PRODUCTS_DIR; };
		E23E4BBC29DEA5EC00326B66 /* PortuguesePublicationsApp.swift */ = {isa = PBXFileReference; lastKnownFileType = sourcecode.swift; path = PortuguesePublicationsApp.swift; sourceTree = "<group>"; };
		E23E4BBE29DEA5EC00326B66 /* ContentView.swift */ = {isa = PBXFileReference; lastKnownFileType = sourcecode.swift; path = ContentView.swift; sourceTree = "<group>"; };
		E23E4BC029DEA5F000326B66 /* Assets.xcassets */ = {isa = PBXFileReference; lastKnownFileType = folder.assetcatalog; path = Assets.xcassets; sourceTree = "<group>"; };
		E23E4BC329DEA5F000326B66 /* Preview Assets.xcassets */ = {isa = PBXFileReference; lastKnownFileType = folder.assetcatalog; path = "Preview Assets.xcassets"; sourceTree = "<group>"; };
		E23E4BC529DEA5F000326B66 /* Persistence.swift */ = {isa = PBXFileReference; lastKnownFileType = sourcecode.swift; path = Persistence.swift; sourceTree = "<group>"; };
		E23E4BC829DEA5F000326B66 /* PortuguesePublications.xcdatamodel */ = {isa = PBXFileReference; lastKnownFileType = wrapper.xcdatamodel; path = PortuguesePublications.xcdatamodel; sourceTree = "<group>"; };
		E23E4BCF29DEADA700326B66 /* WebView.swift */ = {isa = PBXFileReference; lastKnownFileType = sourcecode.swift; path = WebView.swift; sourceTree = "<group>"; };
		E23E4BD129DEDE1E00326B66 /* Publications.swift */ = {isa = PBXFileReference; lastKnownFileType = sourcecode.swift; path = Publications.swift; sourceTree = "<group>"; };
		E23E4BD329DEE9E200326B66 /* SoundManager.swift */ = {isa = PBXFileReference; lastKnownFileType = sourcecode.swift; path = SoundManager.swift; sourceTree = "<group>"; };
		E23E4BD529DEEAE700326B66 /* RadioStations.swift */ = {isa = PBXFileReference; lastKnownFileType = sourcecode.swift; path = RadioStations.swift; sourceTree = "<group>"; };
		E23E4BD729DEEB3500326B66 /* PublicationView.swift */ = {isa = PBXFileReference; lastKnownFileType = sourcecode.swift; path = PublicationView.swift; sourceTree = "<group>"; };
		E23E4BD929DEEB5800326B66 /* RadioStationView.swift */ = {isa = PBXFileReference; lastKnownFileType = sourcecode.swift; path = RadioStationView.swift; sourceTree = "<group>"; };
/* End PBXFileReference section */

/* Begin PBXFrameworksBuildPhase section */
		E23E4BB629DEA5EC00326B66 /* Frameworks */ = {
			isa = PBXFrameworksBuildPhase;
			buildActionMask = 2147483647;
			files = (
			);
			runOnlyForDeploymentPostprocessing = 0;
		};
/* End PBXFrameworksBuildPhase section */

/* Begin PBXGroup section */
		E23E4BB029DEA5EC00326B66 = {
			isa = PBXGroup;
			children = (
				E23E4BBB29DEA5EC00326B66 /* PortuguesePublications */,
				E23E4BBA29DEA5EC00326B66 /* Products */,
			);
			sourceTree = "<group>";
		};
		E23E4BBA29DEA5EC00326B66 /* Products */ = {
			isa = PBXGroup;
			children = (
				E23E4BB929DEA5EC00326B66 /* PortuguesePublications.app */,
			);
			name = Products;
			sourceTree = "<group>";
		};
		E23E4BBB29DEA5EC00326B66 /* PortuguesePublications */ = {
			isa = PBXGroup;
			children = (
				E23E4BD529DEEAE700326B66 /* RadioStations.swift */,
				E23E4BD329DEE9E200326B66 /* SoundManager.swift */,
				E23E4BD729DEEB3500326B66 /* PublicationView.swift */,
				E23E4BD929DEEB5800326B66 /* RadioStationView.swift */,
				E23E4BD129DEDE1E00326B66 /* Publications.swift */,
				E23E4BBC29DEA5EC00326B66 /* PortuguesePublicationsApp.swift */,
				E23E4BCF29DEADA700326B66 /* WebView.swift */,
				E23E4BBE29DEA5EC00326B66 /* ContentView.swift */,
				E23E4BC029DEA5F000326B66 /* Assets.xcassets */,
				E23E4BC529DEA5F000326B66 /* Persistence.swift */,
				E23E4BC729DEA5F000326B66 /* PortuguesePublications.xcdatamodeld */,
				E23E4BC229DEA5F000326B66 /* Preview Content */,
			);
			path = PortuguesePublications;
			sourceTree = "<group>";
		};
		E23E4BC229DEA5F000326B66 /* Preview Content */ = {
			isa = PBXGroup;
			children = (
				E23E4BC329DEA5F000326B66 /* Preview Assets.xcassets */,
			);
			path = "Preview Content";
			sourceTree = "<group>";
		};
/* End PBXGroup section */

/* Begin PBXNativeTarget section */
		E23E4BB829DEA5EC00326B66 /* PortuguesePublications */ = {
			isa = PBXNativeTarget;
			buildConfigurationList = E23E4BCC29DEA5F000326B66 /* Build configuration list for PBXNativeTarget "PortuguesePublications" */;
			buildPhases = (
				E23E4BB529DEA5EC00326B66 /* Sources */,
				E23E4BB629DEA5EC00326B66 /* Frameworks */,
				E23E4BB729DEA5EC00326B66 /* Resources */,
			);
			buildRules = (
			);
			dependencies = (
			);
			name = PortuguesePublications;
			productName = PortuguesePublications;
			productReference = E23E4BB929DEA5EC00326B66 /* PortuguesePublications.app */;
			productType = "com.apple.product-type.application";
		};
/* End PBXNativeTarget section */

/* Begin PBXProject section */
		E23E4BB129DEA5EC00326B66 /* Project object */ = {
			isa = PBXProject;
			attributes = {
				BuildIndependentTargetsInParallel = 1;
				LastSwiftUpdateCheck = 1410;
				LastUpgradeCheck = 1410;
				TargetAttributes = {
					E23E4BB829DEA5EC00326B66 = {
						CreatedOnToolsVersion = 14.1;
					};
				};
			};
			buildConfigurationList = E23E4BB429DEA5EC00326B66 /* Build configuration list for PBXProject "PortuguesePublications" */;
			compatibilityVersion = "Xcode 14.0";
			developmentRegion = en;
			hasScannedForEncodings = 0;
			knownRegions = (
				en,
				Base,
			);
			mainGroup = E23E4BB029DEA5EC00326B66;
			productRefGroup = E23E4BBA29DEA5EC00326B66 /* Products */;
			projectDirPath = "";
			projectRoot = "";
			targets = (
				E23E4BB829DEA5EC00326B66 /* PortuguesePublications */,
			);
		};
/* End PBXProject section */

/* Begin PBXResourcesBuildPhase section */
		E23E4BB729DEA5EC00326B66 /* Resources */ = {
			isa = PBXResourcesBuildPhase;
			buildActionMask = 2147483647;
			files = (
				E23E4BC429DEA5F000326B66 /* Preview Assets.xcassets in Resources */,
				E23E4BC129DEA5F000326B66 /* Assets.xcassets in Resources */,
			);
			runOnlyForDeploymentPostprocessing = 0;
		};
/* End PBXResourcesBuildPhase section */

/* Begin PBXSourcesBuildPhase section */
		E23E4BB529DEA5EC00326B66 /* Sources */ = {
			isa = PBXSourcesBuildPhase;
			buildActionMask = 2147483647;
			files = (
				E23E4BD229DEDE1E00326B66 /* Publications.swift in Sources */,
				E23E4BC629DEA5F000326B66 /* Persistence.swift in Sources */,
				E23E4BD829DEEB3500326B66 /* PublicationView.swift in Sources */,
				E23E4BD629DEEAE700326B66 /* RadioStations.swift in Sources */,
				E23E4BD029DEADA700326B66 /* WebView.swift in Sources */,
				E23E4BBF29DEA5EC00326B66 /* ContentView.swift in Sources */,
				E23E4BBD29DEA5EC00326B66 /* PortuguesePublicationsApp.swift in Sources */,
				E23E4BDA29DEEB5800326B66 /* RadioStationView.swift in Sources */,
				E23E4BD429DEE9E200326B66 /* SoundManager.swift in Sources */,
				E23E4BC929DEA5F000326B66 /* PortuguesePublications.xcdatamodeld in Sources */,
			);
			runOnlyForDeploymentPostprocessing = 0;
		};
/* End PBXSourcesBuildPhase section */

/* Begin XCBuildConfiguration section */
		E23E4BCA29DEA5F000326B66 /* Debug */ = {
			isa = XCBuildConfiguration;
			buildSettings = {
				ALWAYS_SEARCH_USER_PATHS = NO;
				CLANG_ANALYZER_NONNULL = YES;
				CLANG_ANALYZER_NUMBER_OBJECT_CONVERSION = YES_AGGRESSIVE;
				CLANG_CXX_LANGUAGE_STANDARD = "gnu++20";
				CLANG_ENABLE_MODULES = YES;
				CLANG_ENABLE_OBJC_ARC = YES;
				CLANG_ENABLE_OBJC_WEAK = YES;
				CLANG_WARN_BLOCK_CAPTURE_AUTORELEASING = YES;
				CLANG_WARN_BOOL_CONVERSION = YES;
				CLANG_WARN_COMMA = YES;
				CLANG_WARN_CONSTANT_CONVERSION = YES;
				CLANG_WARN_DEPRECATED_OBJC_IMPLEMENTATIONS = YES;
				CLANG_WARN_DIRECT_OBJC_ISA_USAGE = YES_ERROR;
				CLANG_WARN_DOCUMENTATION_COMMENTS = YES;
				CLANG_WARN_EMPTY_BODY = YES;
				CLANG_WARN_ENUM_CONVERSION = YES;
				CLANG_WARN_INFINITE_RECURSION = YES;
				CLANG_WARN_INT_CONVERSION = YES;
				CLANG_WARN_NON_LITERAL_NULL_CONVERSION = YES;
				CLANG_WARN_OBJC_IMPLICIT_RETAIN_SELF = YES;
				CLANG_WARN_OBJC_LITERAL_CONVERSION = YES;
				CLANG_WARN_OBJC_ROOT_CLASS = YES_ERROR;
				CLANG_WARN_QUOTED_INCLUDE_IN_FRAMEWORK_HEADER = YES;
				CLANG_WARN_RANGE_LOOP_ANALYSIS = YES;
				CLANG_WARN_STRICT_PROTOTYPES = YES;
				CLANG_WARN_SUSPICIOUS_MOVE = YES;
				CLANG_WARN_UNGUARDED_AVAILABILITY = YES_AGGRESSIVE;
				CLANG_WARN_UNREACHABLE_CODE = YES;
				CLANG_WARN__DUPLICATE_METHOD_MATCH = YES;
				COPY_PHASE_STRIP = NO;
				DEBUG_INFORMATION_FORMAT = dwarf;
				ENABLE_STRICT_OBJC_MSGSEND = YES;
				ENABLE_TESTABILITY = YES;
				GCC_C_LANGUAGE_STANDARD = gnu11;
				GCC_DYNAMIC_NO_PIC = NO;
				GCC_NO_COMMON_BLOCKS = YES;
				GCC_OPTIMIZATION_LEVEL = 0;
				GCC_PREPROCESSOR_DEFINITIONS = (
					"DEBUG=1",
					"$(inherited)",
				);
				GCC_WARN_64_TO_32_BIT_CONVERSION = YES;
				GCC_WARN_ABOUT_RETURN_TYPE = YES_ERROR;
				GCC_WARN_UNDECLARED_SELECTOR = YES;
				GCC_WARN_UNINITIALIZED_AUTOS = YES_AGGRESSIVE;
				GCC_WARN_UNUSED_FUNCTION = YES;
				GCC_WARN_UNUSED_VARIABLE = YES;
				IPHONEOS_DEPLOYMENT_TARGET = 16.1;
				MTL_ENABLE_DEBUG_INFO = INCLUDE_SOURCE;
				MTL_FAST_MATH = YES;
				ONLY_ACTIVE_ARCH = YES;
				SDKROOT = iphoneos;
				SWIFT_ACTIVE_COMPILATION_CONDITIONS = DEBUG;
				SWIFT_OPTIMIZATION_LEVEL = "-Onone";
			};
			name = Debug;
		};
		E23E4BCB29DEA5F000326B66 /* Release */ = {
			isa = XCBuildConfiguration;
			buildSettings = {
				ALWAYS_SEARCH_USER_PATHS = NO;
				CLANG_ANALYZER_NONNULL = YES;
				CLANG_ANALYZER_NUMBER_OBJECT_CONVERSION = YES_AGGRESSIVE;
				CLANG_CXX_LANGUAGE_STANDARD = "gnu++20";
				CLANG_ENABLE_MODULES = YES;
				CLANG_ENABLE_OBJC_ARC = YES;
				CLANG_ENABLE_OBJC_WEAK = YES;
				CLANG_WARN_BLOCK_CAPTURE_AUTORELEASING = YES;
				CLANG_WARN_BOOL_CONVERSION = YES;
				CLANG_WARN_COMMA = YES;
				CLANG_WARN_CONSTANT_CONVERSION = YES;
				CLANG_WARN_DEPRECATED_OBJC_IMPLEMENTATIONS = YES;
				CLANG_WARN_DIRECT_OBJC_ISA_USAGE = YES_ERROR;
				CLANG_WARN_DOCUMENTATION_COMMENTS = YES;
				CLANG_WARN_EMPTY_BODY = YES;
				CLANG_WARN_ENUM_CONVERSION = YES;
				CLANG_WARN_INFINITE_RECURSION = YES;
				CLANG_WARN_INT_CONVERSION = YES;
				CLANG_WARN_NON_LITERAL_NULL_CONVERSION = YES;
				CLANG_WARN_OBJC_IMPLICIT_RETAIN_SELF = YES;
				CLANG_WARN_OBJC_LITERAL_CONVERSION = YES;
				CLANG_WARN_OBJC_ROOT_CLASS = YES_ERROR;
				CLANG_WARN_QUOTED_INCLUDE_IN_FRAMEWORK_HEADER = YES;
				CLANG_WARN_RANGE_LOOP_ANALYSIS = YES;
				CLANG_WARN_STRICT_PROTOTYPES = YES;
				CLANG_WARN_SUSPICIOUS_MOVE = YES;
				CLANG_WARN_UNGUARDED_AVAILABILITY = YES_AGGRESSIVE;
				CLANG_WARN_UNREACHABLE_CODE = YES;
				CLANG_WARN__DUPLICATE_METHOD_MATCH = YES;
				COPY_PHASE_STRIP = NO;
				DEBUG_INFORMATION_FORMAT = "dwarf-with-dsym";
				ENABLE_NS_ASSERTIONS = NO;
				ENABLE_STRICT_OBJC_MSGSEND = YES;
				GCC_C_LANGUAGE_STANDARD = gnu11;
				GCC_NO_COMMON_BLOCKS = YES;
				GCC_WARN_64_TO_32_BIT_CONVERSION = YES;
				GCC_WARN_ABOUT_RETURN_TYPE = YES_ERROR;
				GCC_WARN_UNDECLARED_SELECTOR = YES;
				GCC_WARN_UNINITIALIZED_AUTOS = YES_AGGRESSIVE;
				GCC_WARN_UNUSED_FUNCTION = YES;
				GCC_WARN_UNUSED_VARIABLE = YES;
				IPHONEOS_DEPLOYMENT_TARGET = 16.1;
				MTL_ENABLE_DEBUG_INFO = NO;
				MTL_FAST_MATH = YES;
				SDKROOT = iphoneos;
				SWIFT_COMPILATION_MODE = wholemodule;
				SWIFT_OPTIMIZATION_LEVEL = "-O";
				VALIDATE_PRODUCT = YES;
			};
			name = Release;
		};
		E23E4BCD29DEA5F000326B66 /* Debug */ = {
			isa = XCBuildConfiguration;
			buildSettings = {
				ASSETCATALOG_COMPILER_APPICON_NAME = AppIcon;
				ASSETCATALOG_COMPILER_GLOBAL_ACCENT_COLOR_NAME = AccentColor;
				CODE_SIGN_STYLE = Automatic;
				CURRENT_PROJECT_VERSION = 1;
				DEVELOPMENT_ASSET_PATHS = "\"PortuguesePublications/Preview Content\"";
				DEVELOPMENT_TEAM = 3U363Z3WV3;
				ENABLE_PREVIEWS = YES;
				GENERATE_INFOPLIST_FILE = YES;
				INFOPLIST_KEY_UIApplicationSceneManifest_Generation = YES;
				INFOPLIST_KEY_UIApplicationSupportsIndirectInputEvents = YES;
				INFOPLIST_KEY_UILaunchScreen_Generation = YES;
				INFOPLIST_KEY_UISupportedInterfaceOrientations_iPad = "UIInterfaceOrientationPortrait UIInterfaceOrientationPortraitUpsideDown UIInterfaceOrientationLandscapeLeft UIInterfaceOrientationLandscapeRight";
				INFOPLIST_KEY_UISupportedInterfaceOrientations_iPhone = "UIInterfaceOrientationPortrait UIInterfaceOrientationLandscapeLeft UIInterfaceOrientationLandscapeRight";
				IPHONEOS_DEPLOYMENT_TARGET = 16.0;
				LD_RUNPATH_SEARCH_PATHS = (
					"$(inherited)",
					"@executable_path/Frameworks",
				);
				MARKETING_VERSION = 1.0;
				PRODUCT_BUNDLE_IDENTIFIER = test.PortuguesePublications;
				PRODUCT_NAME = "$(TARGET_NAME)";
				SWIFT_EMIT_LOC_STRINGS = YES;
				SWIFT_VERSION = 5.0;
				TARGETED_DEVICE_FAMILY = "1,2";
			};
			name = Debug;
		};
		E23E4BCE29DEA5F000326B66 /* Release */ = {
			isa = XCBuildConfiguration;
			buildSettings = {
				ASSETCATALOG_COMPILER_APPICON_NAME = AppIcon;
				ASSETCATALOG_COMPILER_GLOBAL_ACCENT_COLOR_NAME = AccentColor;
				CODE_SIGN_STYLE = Automatic;
				CURRENT_PROJECT_VERSION = 1;
				DEVELOPMENT_ASSET_PATHS = "\"PortuguesePublications/Preview Content\"";
				DEVELOPMENT_TEAM = 3U363Z3WV3;
				ENABLE_PREVIEWS = YES;
				GENERATE_INFOPLIST_FILE = YES;
				INFOPLIST_KEY_UIApplicationSceneManifest_Generation = YES;
				INFOPLIST_KEY_UIApplicationSupportsIndirectInputEvents = YES;
				INFOPLIST_KEY_UILaunchScreen_Generation = YES;
				INFOPLIST_KEY_UISupportedInterfaceOrientations_iPad = "UIInterfaceOrientationPortrait UIInterfaceOrientationPortraitUpsideDown UIInterfaceOrientationLandscapeLeft UIInterfaceOrientationLandscapeRight";
				INFOPLIST_KEY_UISupportedInterfaceOrientations_iPhone = "UIInterfaceOrientationPortrait UIInterfaceOrientationLandscapeLeft UIInterfaceOrientationLandscapeRight";
				IPHONEOS_DEPLOYMENT_TARGET = 16.0;
				LD_RUNPATH_SEARCH_PATHS = (
					"$(inherited)",
					"@executable_path/Frameworks",
				);
				MARKETING_VERSION = 1.0;
				PRODUCT_BUNDLE_IDENTIFIER = test.PortuguesePublications;
				PRODUCT_NAME = "$(TARGET_NAME)";
				SWIFT_EMIT_LOC_STRINGS = YES;
				SWIFT_VERSION = 5.0;
				TARGETED_DEVICE_FAMILY = "1,2";
			};
			name = Release;
		};
/* End XCBuildConfiguration section */

/* Begin XCConfigurationList section */
		E23E4BB429DEA5EC00326B66 /* Build configuration list for PBXProject "PortuguesePublications" */ = {
			isa = XCConfigurationList;
			buildConfigurations = (
				E23E4BCA29DEA5F000326B66 /* Debug */,
				E23E4BCB29DEA5F000326B66 /* Release */,
			);
			defaultConfigurationIsVisible = 0;
			defaultConfigurationName = Release;
		};
		E23E4BCC29DEA5F000326B66 /* Build configuration list for PBXNativeTarget "PortuguesePublications" */ = {
			isa = XCConfigurationList;
			buildConfigurations = (
				E23E4BCD29DEA5F000326B66 /* Debug */,
				E23E4BCE29DEA5F000326B66 /* Release */,
			);
			defaultConfigurationIsVisible = 0;
			defaultConfigurationName = Release;
		};
/* End XCConfigurationList section */

/* Begin XCVersionGroup section */
		E23E4BC729DEA5F000326B66 /* PortuguesePublications.xcdatamodeld */ = {
			isa = XCVersionGroup;
			children = (
				E23E4BC829DEA5F000326B66 /* PortuguesePublications.xcdatamodel */,
			);
			currentVersion = E23E4BC829DEA5F000326B66 /* PortuguesePublications.xcdatamodel */;
			path = PortuguesePublications.xcdatamodeld;
			sourceTree = "<group>";
			versionGroupType = wrapper.xcdatamodel;
		};
/* End XCVersionGroup section */
	};
	rootObject = E23E4BB129DEA5EC00326B66 /* Project object */;
}
